
Microsoft Visual Studio Solution File, Format Version 12.00
# Visual Studio Version 17
VisualStudioVersion = 17.0.31919.166
MinimumVisualStudioVersion = 10.0.40219.1
Project("{FAE04EC0-301F-11D3-BF4B-00C04F79EFBC}") = "projekt", "projekt\projekt.csproj", "{3C8F9186-684C-4838-9927-60C98BB846DC}"
EndProject
Global
	GlobalSection(SolutionConfigurationPlatforms) = preSolution
		Debug|Any CPU = Debug|Any CPU
		Release|Any CPU = Release|Any CPU
	EndGlobalSection
	GlobalSection(ProjectConfigurationPlatforms) = postSolution
		{3C8F9186-684C-4838-9927-60C98BB846DC}.Debug|Any CPU.ActiveCfg = Debug|Any CPU
		{3C8F9186-684C-4838-9927-60C98BB846DC}.Debug|Any CPU.Build.0 = Debug|Any CPU
		{3C8F9186-684C-4838-9927-60C98BB846DC}.Release|Any CPU.ActiveCfg = Release|Any CPU
		{3C8F9186-684C-4838-9927-60C98BB846DC}.Release|Any CPU.Build.0 = Release|Any CPU
	EndGlobalSection
	GlobalSection(SolutionProperties) = preSolution
		HideSolutionNode = FALSE
	EndGlobalSection
	GlobalSection(ExtensibilityGlobals) = postSolution
		SolutionGuid = {099F008B-FAA8-4277-8AC0-9639CC40F322}
	EndGlobalSection
EndGlobal
